github.com/WaterGod1723/mitm-proxy v1.0.0 h1:ZcIFSlmbCBV3qfgN035r+6GzXGFpzf79Syo/VA4Dj38=
github.com/WaterGod1723/mitm-proxy v1.0.0/go.mod h1:NPDosqu4GGZHuWNJeZvR72JS6D3FatL+MX7ARi8elto=
github.com/yuin/gopher-lua v1.1.1 h1:kYKnWBjvbNP4XLT3+bPEwAXJx262OhaHDWDVOPjL46M=
github.com/yuin/gopher-lua v1.1.1/go.mod h1:GBR0iDaNXjAgGg9zfCvksxSRnQx76gclCIb7kdAd1Pw=
